// !$*UTF8*$!
{
	archiveVersion = 1;
	classes = {
	};
	objectVersion = 56;
	objects = {

/* Begin PBXBuildFile section */
		6367B73A29BA31900085C240 /* timerViewextendStudy.swift in Sources */ = {isa = PBXBuildFile; fileRef = 6367B73929BA31900085C240 /* timerViewextendStudy.swift */; };
		A142DAA929B0EF2400870134 /* studyView.swift in Sources */ = {isa = PBXBuildFile; fileRef = A142DAA829B0EF2400870134 /* studyView.swift */; };
		A1C3972929A514FD00B0A3E6 /* studyTimerCatApp.swift in Sources */ = {isa = PBXBuildFile; fileRef = A1C3972829A514FD00B0A3E6 /* studyTimerCatApp.swift */; };
		A1C3972B29A514FD00B0A3E6 /* ContentView.swift in Sources */ = {isa = PBXBuildFile; fileRef = A1C3972A29A514FD00B0A3E6 /* ContentView.swift */; };
		A1C3972D29A514FF00B0A3E6 /* Assets.xcassets in Resources */ = {isa = PBXBuildFile; fileRef = A1C3972C29A514FF00B0A3E6 /* Assets.xcassets */; };
		A1C3973129A514FF00B0A3E6 /* Preview Assets.xcassets in Resources */ = {isa = PBXBuildFile; fileRef = A1C3973029A514FF00B0A3E6 /* Preview Assets.xcassets */; };
		A1C3973B29A514FF00B0A3E6 /* studyTimerCatTests.swift in Sources */ = {isa = PBXBuildFile; fileRef = A1C3973A29A514FF00B0A3E6 /* studyTimerCatTests.swift */; };
		A1C3974529A514FF00B0A3E6 /* studyTimerCatUITests.swift in Sources */ = {isa = PBXBuildFile; fileRef = A1C3974429A514FF00B0A3E6 /* studyTimerCatUITests.swift */; };
		A1C3974729A514FF00B0A3E6 /* studyTimerCatUITestsLaunchTests.swift in Sources */ = {isa = PBXBuildFile; fileRef = A1C3974629A514FF00B0A3E6 /* studyTimerCatUITestsLaunchTests.swift */; };
		A1C3975429A5157300B0A3E6 /* ProgressBar.swift in Sources */ = {isa = PBXBuildFile; fileRef = A1C3975329A5157300B0A3E6 /* ProgressBar.swift */; };
		A1C3975629A515C600B0A3E6 /* timerView.swift in Sources */ = {isa = PBXBuildFile; fileRef = A1C3975529A515C600B0A3E6 /* timerView.swift */; };
		A1C3975829A515F000B0A3E6 /* NotificationAppExit.swift in Sources */ = {isa = PBXBuildFile; fileRef = A1C3975729A515F000B0A3E6 /* NotificationAppExit.swift */; };
/* End PBXBuildFile section */

/* Begin PBXContainerItemProxy section */
		A1C3973729A514FF00B0A3E6 /* PBXContainerItemProxy */ = {
			isa = PBXContainerItemProxy;
			containerPortal = A1C3971D29A514FD00B0A3E6 /* Project object */;
			proxyType = 1;
			remoteGlobalIDString = A1C3972429A514FD00B0A3E6;
			remoteInfo = studyTimerCat;
		};
		A1C3974129A514FF00B0A3E6 /* PBXContainerItemProxy */ = {
			isa = PBXContainerItemProxy;
			containerPortal = A1C3971D29A514FD00B0A3E6 /* Project object */;
			proxyType = 1;
			remoteGlobalIDString = A1C3972429A514FD00B0A3E6;
			remoteInfo = studyTimerCat;
		};
/* End PBXContainerItemProxy section */

/* Begin PBXFileReference section */
		6367B73929BA31900085C240 /* timerViewextendStudy.swift */ = {isa = PBXFileReference; lastKnownFileType = sourcecode.swift; path = timerViewextendStudy.swift; sourceTree = "<group>"; };
		A142DAA829B0EF2400870134 /* studyView.swift */ = {isa = PBXFileReference; lastKnownFileType = sourcecode.swift; path = studyView.swift; sourceTree = "<group>"; };
		A1C3972529A514FD00B0A3E6 /* studyTimerCat.app */ = {isa = PBXFileReference; explicitFileType = wrapper.application; includeInIndex = 0; path = studyTimerCat.app; sourceTree = BUILT_PRODUCTS_DIR; };
		A1C3972829A514FD00B0A3E6 /* studyTimerCatApp.swift */ = {isa = PBXFileReference; lastKnownFileType = sourcecode.swift; path = studyTimerCatApp.swift; sourceTree = "<group>"; };
		A1C3972A29A514FD00B0A3E6 /* ContentView.swift */ = {isa = PBXFileReference; lastKnownFileType = sourcecode.swift; path = ContentView.swift; sourceTree = "<group>"; wrapsLines = 0; };
		A1C3972C29A514FF00B0A3E6 /* Assets.xcassets */ = {isa = PBXFileReference; lastKnownFileType = folder.assetcatalog; path = Assets.xcassets; sourceTree = "<group>"; };
		A1C3972E29A514FF00B0A3E6 /* studyTimerCat.entitlements */ = {isa = PBXFileReference; lastKnownFileType = text.plist.entitlements; path = studyTimerCat.entitlements; sourceTree = "<group>"; };
		A1C3973029A514FF00B0A3E6 /* Preview Assets.xcassets */ = {isa = PBXFileReference; lastKnownFileType = folder.assetcatalog; path = "Preview Assets.xcassets"; sourceTree = "<group>"; };
		A1C3973629A514FF00B0A3E6 /* studyTimerCatTests.xctest */ = {isa = PBXFileReference; explicitFileType = wrapper.cfbundle; includeInIndex = 0; path = studyTimerCatTests.xctest; sourceTree = BUILT_PRODUCTS_DIR; };
		A1C3973A29A514FF00B0A3E6 /* studyTimerCatTests.swift */ = {isa = PBXFileReference; lastKnownFileType = sourcecode.swift; path = studyTimerCatTests.swift; sourceTree = "<group>"; };
		A1C3974029A514FF00B0A3E6 /* studyTimerCatUITests.xctest */ = {isa = PBXFileReference; explicitFileType = wrapper.cfbundle; includeInIndex = 0; path = studyTimerCatUITests.xctest; sourceTree = BUILT_PRODUCTS_DIR; };
		A1C3974429A514FF00B0A3E6 /* studyTimerCatUITests.swift */ = {isa = PBXFileReference; lastKnownFileType = sourcecode.swift; path = studyTimerCatUITests.swift; sourceTree = "<group>"; };
		A1C3974629A514FF00B0A3E6 /* studyTimerCatUITestsLaunchTests.swift */ = {isa = PBXFileReference; lastKnownFileType = sourcecode.swift; path = studyTimerCatUITestsLaunchTests.swift; sourceTree = "<group>"; };
		A1C3975329A5157300B0A3E6 /* ProgressBar.swift */ = {isa = PBXFileReference; lastKnownFileType = sourcecode.swift; path = ProgressBar.swift; sourceTree = "<group>"; };
		A1C3975529A515C600B0A3E6 /* timerView.swift */ = {isa = PBXFileReference; lastKnownFileType = sourcecode.swift; path = timerView.swift; sourceTree = "<group>"; };
		A1C3975729A515F000B0A3E6 /* NotificationAppExit.swift */ = {isa = PBXFileReference; lastKnownFileType = sourcecode.swift; path = NotificationAppExit.swift; sourceTree = "<group>"; };
/* End PBXFileReference section */

/* Begin PBXFrameworksBuildPhase section */
		A1C3972229A514FD00B0A3E6 /* Frameworks */ = {
			isa = PBXFrameworksBuildPhase;
			buildActionMask = 2147483647;
			files = (
			);
			runOnlyForDeploymentPostprocessing = 0;
		};
		A1C3973329A514FF00B0A3E6 /* Frameworks */ = {
			isa = PBXFrameworksBuildPhase;
			buildActionMask = 2147483647;
			files = (
			);
			runOnlyForDeploymentPostprocessing = 0;
		};
		A1C3973D29A514FF00B0A3E6 /* Frameworks */ = {
			isa = PBXFrameworksBuildPhase;
			buildActionMask = 2147483647;
			files = (
			);
			runOnlyForDeploymentPostprocessing = 0;
		};
/* End PBXFrameworksBuildPhase section */

/* Begin PBXGroup section */
		A1C3971C29A514FD00B0A3E6 = {
			isa = PBXGroup;
			children = (
				A1C3972729A514FD00B0A3E6 /* studyTimerCat */,
				A1C3973929A514FF00B0A3E6 /* studyTimerCatTests */,
				A1C3974329A514FF00B0A3E6 /* studyTimerCatUITests */,
				A1C3972629A514FD00B0A3E6 /* Products */,
			);
			sourceTree = "<group>";
		};
		A1C3972629A514FD00B0A3E6 /* Products */ = {
			isa = PBXGroup;
			children = (
				A1C3972529A514FD00B0A3E6 /* studyTimerCat.app */,
				A1C3973629A514FF00B0A3E6 /* studyTimerCatTests.xctest */,
				A1C3974029A514FF00B0A3E6 /* studyTimerCatUITests.xctest */,
			);
			name = Products;
			sourceTree = "<group>";
		};
		A1C3972729A514FD00B0A3E6 /* studyTimerCat */ = {
			isa = PBXGroup;
			children = (
				A1C3972829A514FD00B0A3E6 /* studyTimerCatApp.swift */,
				A142DAA829B0EF2400870134 /* studyView.swift */,
				A1C3972A29A514FD00B0A3E6 /* ContentView.swift */,
				A1C3975329A5157300B0A3E6 /* ProgressBar.swift */,
				A1C3975529A515C600B0A3E6 /* timerView.swift */,
				6367B73929BA31900085C240 /* timerViewextendStudy.swift */,
				A1C3975729A515F000B0A3E6 /* NotificationAppExit.swift */,
				A1C3972C29A514FF00B0A3E6 /* Assets.xcassets */,
				A1C3972E29A514FF00B0A3E6 /* studyTimerCat.entitlements */,
				A1C3972F29A514FF00B0A3E6 /* Preview Content */,
			);
			path = studyTimerCat;
			sourceTree = "<group>";
		};
		A1C3972F29A514FF00B0A3E6 /* Preview Content */ = {
			isa = PBXGroup;
			children = (
				A1C3973029A514FF00B0A3E6 /* Preview Assets.xcassets */,
			);
			path = "Preview Content";
			sourceTree = "<group>";
		};
		A1C3973929A514FF00B0A3E6 /* studyTimerCatTests */ = {
			isa = PBXGroup;
			children = (
				A1C3973A29A514FF00B0A3E6 /* studyTimerCatTests.swift */,
			);
			path = studyTimerCatTests;
			sourceTree = "<group>";
		};
		A1C3974329A514FF00B0A3E6 /* studyTimerCatUITests */ = {
			isa = PBXGroup;
			children = (
				A1C3974429A514FF00B0A3E6 /* studyTimerCatUITests.swift */,
				A1C3974629A514FF00B0A3E6 /* studyTimerCatUITestsLaunchTests.swift */,
			);
			path = studyTimerCatUITests;
			sourceTree = "<group>";
		};
/* End PBXGroup section */

/* Begin PBXNativeTarget section */
		A1C3972429A514FD00B0A3E6 /* studyTimerCat */ = {
			isa = PBXNativeTarget;
			buildConfigurationList = A1C3974A29A514FF00B0A3E6 /* Build configuration list for PBXNativeTarget "studyTimerCat" */;
			buildPhases = (
				A1C3972129A514FD00B0A3E6 /* Sources */,
				A1C3972229A514FD00B0A3E6 /* Frameworks */,
				A1C3972329A514FD00B0A3E6 /* Resources */,
			);
			buildRules = (
			);
			dependencies = (
			);
			name = studyTimerCat;
			productName = studyTimerCat;
			productReference = A1C3972529A514FD00B0A3E6 /* studyTimerCat.app */;
			productType = "com.apple.product-type.application";
		};
		A1C3973529A514FF00B0A3E6 /* studyTimerCatTests */ = {
			isa = PBXNativeTarget;
			buildConfigurationList = A1C3974D29A514FF00B0A3E6 /* Build configuration list for PBXNativeTarget "studyTimerCatTests" */;
			buildPhases = (
				A1C3973229A514FF00B0A3E6 /* Sources */,
				A1C3973329A514FF00B0A3E6 /* Frameworks */,
				A1C3973429A514FF00B0A3E6 /* Resources */,
			);
			buildRules = (
			);
			dependencies = (
				A1C3973829A514FF00B0A3E6 /* PBXTargetDependency */,
			);
			name = studyTimerCatTests;
			productName = studyTimerCatTests;
			productReference = A1C3973629A514FF00B0A3E6 /* studyTimerCatTests.xctest */;
			productType = "com.apple.product-type.bundle.unit-test";
		};
		A1C3973F29A514FF00B0A3E6 /* studyTimerCatUITests */ = {
			isa = PBXNativeTarget;
			buildConfigurationList = A1C3975029A514FF00B0A3E6 /* Build configuration list for PBXNativeTarget "studyTimerCatUITests" */;
			buildPhases = (
				A1C3973C29A514FF00B0A3E6 /* Sources */,
				A1C3973D29A514FF00B0A3E6 /* Frameworks */,
				A1C3973E29A514FF00B0A3E6 /* Resources */,
			);
			buildRules = (
			);
			dependencies = (
				A1C3974229A514FF00B0A3E6 /* PBXTargetDependency */,
			);
			name = studyTimerCatUITests;
			productName = studyTimerCatUITests;
			productReference = A1C3974029A514FF00B0A3E6 /* studyTimerCatUITests.xctest */;
			productType = "com.apple.product-type.bundle.ui-testing";
		};
/* End PBXNativeTarget section */

/* Begin PBXProject section */
		A1C3971D29A514FD00B0A3E6 /* Project object */ = {
			isa = PBXProject;
			attributes = {
				BuildIndependentTargetsInParallel = 1;
				LastSwiftUpdateCheck = 1420;
				LastUpgradeCheck = 1420;
				TargetAttributes = {
					A1C3972429A514FD00B0A3E6 = {
						CreatedOnToolsVersion = 14.2;
					};
					A1C3973529A514FF00B0A3E6 = {
						CreatedOnToolsVersion = 14.2;
						TestTargetID = A1C3972429A514FD00B0A3E6;
					};
					A1C3973F29A514FF00B0A3E6 = {
						CreatedOnToolsVersion = 14.2;
						TestTargetID = A1C3972429A514FD00B0A3E6;
					};
				};
			};
			buildConfigurationList = A1C3972029A514FD00B0A3E6 /* Build configuration list for PBXProject "studyTimerCat" */;
			compatibilityVersion = "Xcode 14.0";
			developmentRegion = en;
			hasScannedForEncodings = 0;
			knownRegions = (
				en,
				Base,
			);
			mainGroup = A1C3971C29A514FD00B0A3E6;
			productRefGroup = A1C3972629A514FD00B0A3E6 /* Products */;
			projectDirPath = "";
			projectRoot = "";
			targets = (
				A1C3972429A514FD00B0A3E6 /* studyTimerCat */,
				A1C3973529A514FF00B0A3E6 /* studyTimerCatTests */,
				A1C3973F29A514FF00B0A3E6 /* studyTimerCatUITests */,
			);
		};
/* End PBXProject section */

/* Begin PBXResourcesBuildPhase section */
		A1C3972329A514FD00B0A3E6 /* Resources */ = {
			isa = PBXResourcesBuildPhase;
			buildActionMask = 2147483647;
			files = (
				A1C3973129A514FF00B0A3E6 /* Preview Assets.xcassets in Resources */,
				A1C3972D29A514FF00B0A3E6 /* Assets.xcassets in Resources */,
			);
			runOnlyForDeploymentPostprocessing = 0;
		};
		A1C3973429A514FF00B0A3E6 /* Resources */ = {
			isa = PBXResourcesBuildPhase;
			buildActionMask = 2147483647;
			files = (
			);
			runOnlyForDeploymentPostprocessing = 0;
		};
		A1C3973E29A514FF00B0A3E6 /* Resources */ = {
			isa = PBXResourcesBuildPhase;
			buildActionMask = 2147483647;
			files = (
			);
			runOnlyForDeploymentPostprocessing = 0;
		};
/* End PBXResourcesBuildPhase section */

/* Begin PBXSourcesBuildPhase section */
		A1C3972129A514FD00B0A3E6 /* Sources */ = {
			isa = PBXSourcesBuildPhase;
			buildActionMask = 2147483647;
			files = (
				6367B73A29BA31900085C240 /* timerViewextendStudy.swift in Sources */,
				A1C3972B29A514FD00B0A3E6 /* ContentView.swift in Sources */,
				A1C3975429A5157300B0A3E6 /* ProgressBar.swift in Sources */,
				A1C3975829A515F000B0A3E6 /* NotificationAppExit.swift in Sources */,
				A1C3975629A515C600B0A3E6 /* timerView.swift in Sources */,
				A142DAA929B0EF2400870134 /* studyView.swift in Sources */,
				A1C3972929A514FD00B0A3E6 /* studyTimerCatApp.swift in Sources */,
			);
			runOnlyForDeploymentPostprocessing = 0;
		};
		A1C3973229A514FF00B0A3E6 /* Sources */ = {
			isa = PBXSourcesBuildPhase;
			buildActionMask = 2147483647;
			files = (
				A1C3973B29A514FF00B0A3E6 /* studyTimerCatTests.swift in Sources */,
			);
			runOnlyForDeploymentPostprocessing = 0;
		};
		A1C3973C29A514FF00B0A3E6 /* Sources */ = {
			isa = PBXSourcesBuildPhase;
			buildActionMask = 2147483647;
			files = (
				A1C3974529A514FF00B0A3E6 /* studyTimerCatUITests.swift in Sources */,
				A1C3974729A514FF00B0A3E6 /* studyTimerCatUITestsLaunchTests.swift in Sources */,
			);
			runOnlyForDeploymentPostprocessing = 0;
		};
/* End PBXSourcesBuildPhase section */

/* Begin PBXTargetDependency section */
		A1C3973829A514FF00B0A3E6 /* PBXTargetDependency */ = {
			isa = PBXTargetDependency;
			target = A1C3972429A514FD00B0A3E6 /* studyTimerCat */;
			targetProxy = A1C3973729A514FF00B0A3E6 /* PBXContainerItemProxy */;
		};
		A1C3974229A514FF00B0A3E6 /* PBXTargetDependency */ = {
			isa = PBXTargetDependency;
			target = A1C3972429A514FD00B0A3E6 /* studyTimerCat */;
			targetProxy = A1C3974129A514FF00B0A3E6 /* PBXContainerItemProxy */;
		};
/* End PBXTargetDependency section */

/* Begin XCBuildConfiguration section */
		A1C3974829A514FF00B0A3E6 /* Debug */ = {
			isa = XCBuildConfiguration;
			buildSettings = {
				ALWAYS_SEARCH_USER_PATHS = NO;
				CLANG_ANALYZER_NONNULL = YES;
				CLANG_ANALYZER_NUMBER_OBJECT_CONVERSION = YES_AGGRESSIVE;
				CLANG_CXX_LANGUAGE_STANDARD = "gnu++20";
				CLANG_ENABLE_MODULES = YES;
				CLANG_ENABLE_OBJC_ARC = YES;
				CLANG_ENABLE_OBJC_WEAK = YES;
				CLANG_WARN_BLOCK_CAPTURE_AUTORELEASING = YES;
				CLANG_WARN_BOOL_CONVERSION = YES;
				CLANG_WARN_COMMA = YES;
				CLANG_WARN_CONSTANT_CONVERSION = YES;
				CLANG_WARN_DEPRECATED_OBJC_IMPLEMENTATIONS = YES;
				CLANG_WARN_DIRECT_OBJC_ISA_USAGE = YES_ERROR;
				CLANG_WARN_DOCUMENTATION_COMMENTS = YES;
				CLANG_WARN_EMPTY_BODY = YES;
				CLANG_WARN_ENUM_CONVERSION = YES;
				CLANG_WARN_INFINITE_RECURSION = YES;
				CLANG_WARN_INT_CONVERSION = YES;
				CLANG_WARN_NON_LITERAL_NULL_CONVERSION = YES;
				CLANG_WARN_OBJC_IMPLICIT_RETAIN_SELF = YES;
				CLANG_WARN_OBJC_LITERAL_CONVERSION = YES;
				CLANG_WARN_OBJC_ROOT_CLASS = YES_ERROR;
				CLANG_WARN_QUOTED_INCLUDE_IN_FRAMEWORK_HEADER = YES;
				CLANG_WARN_RANGE_LOOP_ANALYSIS = YES;
				CLANG_WARN_STRICT_PROTOTYPES = YES;
				CLANG_WARN_SUSPICIOUS_MOVE = YES;
				CLANG_WARN_UNGUARDED_AVAILABILITY = YES_AGGRESSIVE;
				CLANG_WARN_UNREACHABLE_CODE = YES;
				CLANG_WARN__DUPLICATE_METHOD_MATCH = YES;
				COPY_PHASE_STRIP = NO;
				DEBUG_INFORMATION_FORMAT = dwarf;
				ENABLE_STRICT_OBJC_MSGSEND = YES;
				ENABLE_TESTABILITY = YES;
				GCC_C_LANGUAGE_STANDARD = gnu11;
				GCC_DYNAMIC_NO_PIC = NO;
				GCC_NO_COMMON_BLOCKS = YES;
				GCC_OPTIMIZATION_LEVEL = 0;
				GCC_PREPROCESSOR_DEFINITIONS = (
					"DEBUG=1",
					"$(inherited)",
				);
				GCC_WARN_64_TO_32_BIT_CONVERSION = YES;
				GCC_WARN_ABOUT_RETURN_TYPE = YES_ERROR;
				GCC_WARN_UNDECLARED_SELECTOR = YES;
				GCC_WARN_UNINITIALIZED_AUTOS = YES_AGGRESSIVE;
				GCC_WARN_UNUSED_FUNCTION = YES;
				GCC_WARN_UNUSED_VARIABLE = YES;
				MTL_ENABLE_DEBUG_INFO = INCLUDE_SOURCE;
				MTL_FAST_MATH = YES;
				ONLY_ACTIVE_ARCH = YES;
				SWIFT_ACTIVE_COMPILATION_CONDITIONS = DEBUG;
				SWIFT_OPTIMIZATION_LEVEL = "-Onone";
			};
			name = Debug;
		};
		A1C3974929A514FF00B0A3E6 /* Release */ = {
			isa = XCBuildConfiguration;
			buildSettings = {
				ALWAYS_SEARCH_USER_PATHS = NO;
				CLANG_ANALYZER_NONNULL = YES;
				CLANG_ANALYZER_NUMBER_OBJECT_CONVERSION = YES_AGGRESSIVE;
				CLANG_CXX_LANGUAGE_STANDARD = "gnu++20";
				CLANG_ENABLE_MODULES = YES;
				CLANG_ENABLE_OBJC_ARC = YES;
				CLANG_ENABLE_OBJC_WEAK = YES;
				CLANG_WARN_BLOCK_CAPTURE_AUTORELEASING = YES;
				CLANG_WARN_BOOL_CONVERSION = YES;
				CLANG_WARN_COMMA = YES;
				CLANG_WARN_CONSTANT_CONVERSION = YES;
				CLANG_WARN_DEPRECATED_OBJC_IMPLEMENTATIONS = YES;
				CLANG_WARN_DIRECT_OBJC_ISA_USAGE = YES_ERROR;
				CLANG_WARN_DOCUMENTATION_COMMENTS = YES;
				CLANG_WARN_EMPTY_BODY = YES;
				CLANG_WARN_ENUM_CONVERSION = YES;
				CLANG_WARN_INFINITE_RECURSION = YES;
				CLANG_WARN_INT_CONVERSION = YES;
				CLANG_WARN_NON_LITERAL_NULL_CONVERSION = YES;
				CLANG_WARN_OBJC_IMPLICIT_RETAIN_SELF = YES;
				CLANG_WARN_OBJC_LITERAL_CONVERSION = YES;
				CLANG_WARN_OBJC_ROOT_CLASS = YES_ERROR;
				CLANG_WARN_QUOTED_INCLUDE_IN_FRAMEWORK_HEADER = YES;
				CLANG_WARN_RANGE_LOOP_ANALYSIS = YES;
				CLANG_WARN_STRICT_PROTOTYPES = YES;
				CLANG_WARN_SUSPICIOUS_MOVE = YES;
				CLANG_WARN_UNGUARDED_AVAILABILITY = YES_AGGRESSIVE;
				CLANG_WARN_UNREACHABLE_CODE = YES;
				CLANG_WARN__DUPLICATE_METHOD_MATCH = YES;
				COPY_PHASE_STRIP = NO;
				DEBUG_INFORMATION_FORMAT = "dwarf-with-dsym";
				ENABLE_NS_ASSERTIONS = NO;
				ENABLE_STRICT_OBJC_MSGSEND = YES;
				GCC_C_LANGUAGE_STANDARD = gnu11;
				GCC_NO_COMMON_BLOCKS = YES;
				GCC_WARN_64_TO_32_BIT_CONVERSION = YES;
				GCC_WARN_ABOUT_RETURN_TYPE = YES_ERROR;
				GCC_WARN_UNDECLARED_SELECTOR = YES;
				GCC_WARN_UNINITIALIZED_AUTOS = YES_AGGRESSIVE;
				GCC_WARN_UNUSED_FUNCTION = YES;
				GCC_WARN_UNUSED_VARIABLE = YES;
				MTL_ENABLE_DEBUG_INFO = NO;
				MTL_FAST_MATH = YES;
				SWIFT_COMPILATION_MODE = wholemodule;
				SWIFT_OPTIMIZATION_LEVEL = "-O";
			};
			name = Release;
		};
		A1C3974B29A514FF00B0A3E6 /* Debug */ = {
			isa = XCBuildConfiguration;
			buildSettings = {
				ASSETCATALOG_COMPILER_APPICON_NAME = AppIcon;
				ASSETCATALOG_COMPILER_GLOBAL_ACCENT_COLOR_NAME = AccentColor;
				CODE_SIGN_ENTITLEMENTS = studyTimerCat/studyTimerCat.entitlements;
				CODE_SIGN_IDENTITY = "Apple Development";
				"CODE_SIGN_IDENTITY[sdk=macosx*]" = "Apple Development";
				CODE_SIGN_STYLE = Automatic;
				CURRENT_PROJECT_VERSION = 1;
				DEVELOPMENT_ASSET_PATHS = "\"studyTimerCat/Preview Content\"";
				DEVELOPMENT_TEAM = LMWQBXC3PX;
				ENABLE_PREVIEWS = YES;
				GENERATE_INFOPLIST_FILE = YES;
				"INFOPLIST_KEY_UIApplicationSceneManifest_Generation[sdk=iphoneos*]" = YES;
				"INFOPLIST_KEY_UIApplicationSceneManifest_Generation[sdk=iphonesimulator*]" = YES;
				"INFOPLIST_KEY_UIApplicationSupportsIndirectInputEvents[sdk=iphoneos*]" = YES;
				"INFOPLIST_KEY_UIApplicationSupportsIndirectInputEvents[sdk=iphonesimulator*]" = YES;
				"INFOPLIST_KEY_UILaunchScreen_Generation[sdk=iphoneos*]" = YES;
				"INFOPLIST_KEY_UILaunchScreen_Generation[sdk=iphonesimulator*]" = YES;
				"INFOPLIST_KEY_UIStatusBarStyle[sdk=iphoneos*]" = UIStatusBarStyleDefault;
				"INFOPLIST_KEY_UIStatusBarStyle[sdk=iphonesimulator*]" = UIStatusBarStyleDefault;
				INFOPLIST_KEY_UISupportedInterfaceOrientations_iPad = "UIInterfaceOrientationPortrait UIInterfaceOrientationPortraitUpsideDown UIInterfaceOrientationLandscapeLeft UIInterfaceOrientationLandscapeRight";
				INFOPLIST_KEY_UISupportedInterfaceOrientations_iPhone = "UIInterfaceOrientationPortrait UIInterfaceOrientationLandscapeLeft UIInterfaceOrientationLandscapeRight";
				IPHONEOS_DEPLOYMENT_TARGET = 16.1;
				LD_RUNPATH_SEARCH_PATHS = "@executable_path/Frameworks";
				"LD_RUNPATH_SEARCH_PATHS[sdk=macosx*]" = "@executable_path/../Frameworks";
				MACOSX_DEPLOYMENT_TARGET = 12.6;
				MARKETING_VERSION = 1.0;
				PRODUCT_BUNDLE_IDENTIFIER = hik;
				PRODUCT_NAME = "$(TARGET_NAME)";
				PROVISIONING_PROFILE_SPECIFIER = "";
				SDKROOT = auto;
				SUPPORTED_PLATFORMS = "iphoneos iphonesimulator macosx";
				SWIFT_EMIT_LOC_STRINGS = YES;
				SWIFT_VERSION = 5.0;
				TARGETED_DEVICE_FAMILY = "1,2";
			};
			name = Debug;
		};
		A1C3974C29A514FF00B0A3E6 /* Release */ = {
			isa = XCBuildConfiguration;
			buildSettings = {
				ASSETCATALOG_COMPILER_APPICON_NAME = AppIcon;
				ASSETCATALOG_COMPILER_GLOBAL_ACCENT_COLOR_NAME = AccentColor;
				CODE_SIGN_ENTITLEMENTS = studyTimerCat/studyTimerCat.entitlements;
				CODE_SIGN_IDENTITY = "Apple Development";
				"CODE_SIGN_IDENTITY[sdk=macosx*]" = "Apple Development";
				CODE_SIGN_STYLE = Automatic;
				CURRENT_PROJECT_VERSION = 1;
				DEVELOPMENT_ASSET_PATHS = "\"studyTimerCat/Preview Content\"";
				DEVELOPMENT_TEAM = LMWQBXC3PX;
				ENABLE_PREVIEWS = YES;
				GENERATE_INFOPLIST_FILE = YES;
				"INFOPLIST_KEY_UIApplicationSceneManifest_Generation[sdk=iphoneos*]" = YES;
				"INFOPLIST_KEY_UIApplicationSceneManifest_Generation[sdk=iphonesimulator*]" = YES;
				"INFOPLIST_KEY_UIApplicationSupportsIndirectInputEvents[sdk=iphoneos*]" = YES;
				"INFOPLIST_KEY_UIApplicationSupportsIndirectInputEvents[sdk=iphonesimulator*]" = YES;
				"INFOPLIST_KEY_UILaunchScreen_Generation[sdk=iphoneos*]" = YES;
				"INFOPLIST_KEY_UILaunchScreen_Generation[sdk=iphonesimulator*]" = YES;
				"INFOPLIST_KEY_UIStatusBarStyle[sdk=iphoneos*]" = UIStatusBarStyleDefault;
				"INFOPLIST_KEY_UIStatusBarStyle[sdk=iphonesimulator*]" = UIStatusBarStyleDefault;
				INFOPLIST_KEY_UISupportedInterfaceOrientations_iPad = "UIInterfaceOrientationPortrait UIInterfaceOrientationPortraitUpsideDown UIInterfaceOrientationLandscapeLeft UIInterfaceOrientationLandscapeRight";
				INFOPLIST_KEY_UISupportedInterfaceOrientations_iPhone = "UIInterfaceOrientationPortrait UIInterfaceOrientationLandscapeLeft UIInterfaceOrientationLandscapeRight";
				IPHONEOS_DEPLOYMENT_TARGET = 16.1;
				LD_RUNPATH_SEARCH_PATHS = "@executable_path/Frameworks";
				"LD_RUNPATH_SEARCH_PATHS[sdk=macosx*]" = "@executable_path/../Frameworks";
				MACOSX_DEPLOYMENT_TARGET = 12.6;
				MARKETING_VERSION = 1.0;
				PRODUCT_BUNDLE_IDENTIFIER = hik;
				PRODUCT_NAME = "$(TARGET_NAME)";
				PROVISIONING_PROFILE_SPECIFIER = "";
				SDKROOT = auto;
				SUPPORTED_PLATFORMS = "iphoneos iphonesimulator macosx";
				SWIFT_EMIT_LOC_STRINGS = YES;
				SWIFT_VERSION = 5.0;
				TARGETED_DEVICE_FAMILY = "1,2";
			};
			name = Release;
		};
		A1C3974E29A514FF00B0A3E6 /* Debug */ = {
			isa = XCBuildConfiguration;
			buildSettings = {
				ALWAYS_EMBED_SWIFT_STANDARD_LIBRARIES = YES;
				BUNDLE_LOADER = "$(TEST_HOST)";
				CODE_SIGN_STYLE = Automatic;
				CURRENT_PROJECT_VERSION = 1;
				GENERATE_INFOPLIST_FILE = YES;
				IPHONEOS_DEPLOYMENT_TARGET = 16.2;
				MACOSX_DEPLOYMENT_TARGET = 12.6;
				MARKETING_VERSION = 1.0;
				PRODUCT_BUNDLE_IDENTIFIER = EPHS.studyTimerCatTests;
				PRODUCT_NAME = "$(TARGET_NAME)";
				SDKROOT = auto;
				SUPPORTED_PLATFORMS = "iphoneos iphonesimulator macosx";
				SWIFT_EMIT_LOC_STRINGS = NO;
				SWIFT_VERSION = 5.0;
				TARGETED_DEVICE_FAMILY = "1,2";
				TEST_HOST = "$(BUILT_PRODUCTS_DIR)/studyTimerCat.app/$(BUNDLE_EXECUTABLE_FOLDER_PATH)/studyTimerCat";
			};
			name = Debug;
		};
		A1C3974F29A514FF00B0A3E6 /* Release */ = {
			isa = XCBuildConfiguration;
			buildSettings = {
				ALWAYS_EMBED_SWIFT_STANDARD_LIBRARIES = YES;
				BUNDLE_LOADER = "$(TEST_HOST)";
				CODE_SIGN_STYLE = Automatic;
				CURRENT_PROJECT_VERSION = 1;
				GENERATE_INFOPLIST_FILE = YES;
				IPHONEOS_DEPLOYMENT_TARGET = 16.2;
				MACOSX_DEPLOYMENT_TARGET = 12.6;
				MARKETING_VERSION = 1.0;
				PRODUCT_BUNDLE_IDENTIFIER = EPHS.studyTimerCatTests;
				PRODUCT_NAME = "$(TARGET_NAME)";
				SDKROOT = auto;
				SUPPORTED_PLATFORMS = "iphoneos iphonesimulator macosx";
				SWIFT_EMIT_LOC_STRINGS = NO;
				SWIFT_VERSION = 5.0;
				TARGETED_DEVICE_FAMILY = "1,2";
				TEST_HOST = "$(BUILT_PRODUCTS_DIR)/studyTimerCat.app/$(BUNDLE_EXECUTABLE_FOLDER_PATH)/studyTimerCat";
			};
			name = Release;
		};
		A1C3975129A514FF00B0A3E6 /* Debug */ = {
			isa = XCBuildConfiguration;
			buildSettings = {
				ALWAYS_EMBED_SWIFT_STANDARD_LIBRARIES = YES;
				CODE_SIGN_STYLE = Automatic;
				CURRENT_PROJECT_VERSION = 1;
				GENERATE_INFOPLIST_FILE = YES;
				IPHONEOS_DEPLOYMENT_TARGET = 16.2;
				MACOSX_DEPLOYMENT_TARGET = 12.6;
				MARKETING_VERSION = 1.0;
				PRODUCT_BUNDLE_IDENTIFIER = EPHS.studyTimerCatUITests;
				PRODUCT_NAME = "$(TARGET_NAME)";
				SDKROOT = auto;
				SUPPORTED_PLATFORMS = "iphoneos iphonesimulator macosx";
				SWIFT_EMIT_LOC_STRINGS = NO;
				SWIFT_VERSION = 5.0;
				TARGETED_DEVICE_FAMILY = "1,2";
				TEST_TARGET_NAME = studyTimerCat;
			};
			name = Debug;
		};
		A1C3975229A514FF00B0A3E6 /* Release */ = {
			isa = XCBuildConfiguration;
			buildSettings = {
				ALWAYS_EMBED_SWIFT_STANDARD_LIBRARIES = YES;
				CODE_SIGN_STYLE = Automatic;
				CURRENT_PROJECT_VERSION = 1;
				GENERATE_INFOPLIST_FILE = YES;
				IPHONEOS_DEPLOYMENT_TARGET = 16.2;
				MACOSX_DEPLOYMENT_TARGET = 12.6;
				MARKETING_VERSION = 1.0;
				PRODUCT_BUNDLE_IDENTIFIER = EPHS.studyTimerCatUITests;
				PRODUCT_NAME = "$(TARGET_NAME)";
				SDKROOT = auto;
				SUPPORTED_PLATFORMS = "iphoneos iphonesimulator macosx";
				SWIFT_EMIT_LOC_STRINGS = NO;
				SWIFT_VERSION = 5.0;
				TARGETED_DEVICE_FAMILY = "1,2";
				TEST_TARGET_NAME = studyTimerCat;
			};
			name = Release;
		};
/* End XCBuildConfiguration section */

/* Begin XCConfigurationList section */
		A1C3972029A514FD00B0A3E6 /* Build configuration list for PBXProject "studyTimerCat" */ = {
			isa = XCConfigurationList;
			buildConfigurations = (
				A1C3974829A514FF00B0A3E6 /* Debug */,
				A1C3974929A514FF00B0A3E6 /* Release */,
			);
			defaultConfigurationIsVisible = 0;
			defaultConfigurationName = Release;
		};
		A1C3974A29A514FF00B0A3E6 /* Build configuration list for PBXNativeTarget "studyTimerCat" */ = {
			isa = XCConfigurationList;
			buildConfigurations = (
				A1C3974B29A514FF00B0A3E6 /* Debug */,
				A1C3974C29A514FF00B0A3E6 /* Release */,
			);
			defaultConfigurationIsVisible = 0;
			defaultConfigurationName = Release;
		};
		A1C3974D29A514FF00B0A3E6 /* Build configuration list for PBXNativeTarget "studyTimerCatTests" */ = {
			isa = XCConfigurationList;
			buildConfigurations = (
				A1C3974E29A514FF00B0A3E6 /* Debug */,
				A1C3974F29A514FF00B0A3E6 /* Release */,
			);
			defaultConfigurationIsVisible = 0;
			defaultConfigurationName = Release;
		};
		A1C3975029A514FF00B0A3E6 /* Build configuration list for PBXNativeTarget "studyTimerCatUITests" */ = {
			isa = XCConfigurationList;
			buildConfigurations = (
				A1C3975129A514FF00B0A3E6 /* Debug */,
				A1C3975229A514FF00B0A3E6 /* Release */,
			);
			defaultConfigurationIsVisible = 0;
			defaultConfigurationName = Release;
		};
/* End XCConfigurationList section */
	};
	rootObject = A1C3971D29A514FD00B0A3E6 /* Project object */;
}
